
Microsoft Visual Studio Solution File, Format Version 12.00
# Visual Studio Version 16
VisualStudioVersion = 16.0.31424.327
MinimumVisualStudioVersion = 10.0.40219.1
Project("{9A19103F-16F7-4668-BE54-9A1E7A4F7556}") = "BenXin.Blog.Project.Web", "BenXin.Blog.Project\BenXin.Blog.Project.Web.csproj", "{53E2FCB1-C8A6-4019-89DC-918A3D824D72}"
EndProject
Project("{2150E333-8FDC-42A3-9474-1A3956D46DE8}") = "Application", "Application", "{D8544B57-015A-4E44-8BAB-0641CDF0F30F}"
EndProject
Project("{2150E333-8FDC-42A3-9474-1A3956D46DE8}") = "Domain", "Domain", "{F89F7926-6715-4FB4-AFE7-997D76DB1597}"
EndProject
Project("{2150E333-8FDC-42A3-9474-1A3956D46DE8}") = "Infrastructure", "Infrastructure", "{DA5B4120-E938-42C4-AC06-63318E4E1D5A}"
EndProject
Project("{2150E333-8FDC-42A3-9474-1A3956D46DE8}") = "Interface", "Interface", "{373C22B3-AA0E-4E7C-B411-4DE4ED2F4D10}"
EndProject
Project("{9A19103F-16F7-4668-BE54-9A1E7A4F7556}") = "BenXin.Blog.Project.Repository", "BenXin.Blog.Project.Repository\BenXin.Blog.Project.Repository.csproj", "{8CA7A650-FCD3-448A-8E4A-CC859B5EAD3C}"
EndProject
Project("{9A19103F-16F7-4668-BE54-9A1E7A4F7556}") = "BenXin.Blog.Project.IRepository", "BenXin.Blog.Project.IRepository\BenXin.Blog.Project.IRepository.csproj", "{8434746A-592D-4623-ABAF-A7769375A9C1}"
EndProject
Project("{9A19103F-16F7-4668-BE54-9A1E7A4F7556}") = "BenXin.Blog.Project.Common", "BenXin.Blog.Project.Common\BenXin.Blog.Project.Common.csproj", "{EEB44D4C-03E9-4DAE-914A-1FD85762778F}"
EndProject
Project("{9A19103F-16F7-4668-BE54-9A1E7A4F7556}") = "BenXin.Blog.Project.IService", "BenXin.Blog.Project.IService\BenXin.Blog.Project.IService.csproj", "{9D6791E7-8B02-4B13-819F-7F305786C388}"
EndProject
Project("{9A19103F-16F7-4668-BE54-9A1E7A4F7556}") = "BenXin.Blog.Project.Service", "BenXin.Blog.Project.Service\BenXin.Blog.Project.Service.csproj", "{B5B431A0-D281-4591-8662-F605745CF3E8}"
EndProject
Project("{9A19103F-16F7-4668-BE54-9A1E7A4F7556}") = "BenXin.Blog.Project.Model", "BenXin.Blog.Project.Model\BenXin.Blog.Project.Model.csproj", "{0265A30D-4C1A-435F-9747-25E493FC9CEB}"
EndProject
Project("{9A19103F-16F7-4668-BE54-9A1E7A4F7556}") = "BenXin.Blog.Project.Getway", "BenXin.Blog.Project.Getway\BenXin.Blog.Project.Getway.csproj", "{4069BF72-241E-4BB0-A813-4E1523FE382B}"
EndProject
Project("{9A19103F-16F7-4668-BE54-9A1E7A4F7556}") = "BenXin.Blog.Project.gRPC", "BenXin.Blog.Project.gRPC\BenXin.Blog.Project.gRPC.csproj", "{066E46E2-B0F4-49C9-8528-135E09A3DE69}"
EndProject
Project("{2150E333-8FDC-42A3-9474-1A3956D46DE8}") = "Repository", "Repository", "{A469F6E4-6A96-4E5E-8277-D2F17E0E43FF}"
EndProject
Project("{2150E333-8FDC-42A3-9474-1A3956D46DE8}") = "Service", "Service", "{3D9EF3E2-1B2E-424F-AECD-17FEC9BD5610}"
EndProject
Global
	GlobalSection(SolutionConfigurationPlatforms) = preSolution
		Debug|Any CPU = Debug|Any CPU
		Release|Any CPU = Release|Any CPU
	EndGlobalSection
	GlobalSection(ProjectConfigurationPlatforms) = postSolution
		{53E2FCB1-C8A6-4019-89DC-918A3D824D72}.Debug|Any CPU.ActiveCfg = Debug|Any CPU
		{53E2FCB1-C8A6-4019-89DC-918A3D824D72}.Debug|Any CPU.Build.0 = Debug|Any CPU
		{53E2FCB1-C8A6-4019-89DC-918A3D824D72}.Release|Any CPU.ActiveCfg = Release|Any CPU
		{53E2FCB1-C8A6-4019-89DC-918A3D824D72}.Release|Any CPU.Build.0 = Release|Any CPU
		{8CA7A650-FCD3-448A-8E4A-CC859B5EAD3C}.Debug|Any CPU.ActiveCfg = Debug|Any CPU
		{8CA7A650-FCD3-448A-8E4A-CC859B5EAD3C}.Debug|Any CPU.Build.0 = Debug|Any CPU
		{8CA7A650-FCD3-448A-8E4A-CC859B5EAD3C}.Release|Any CPU.ActiveCfg = Release|Any CPU
		{8CA7A650-FCD3-448A-8E4A-CC859B5EAD3C}.Release|Any CPU.Build.0 = Release|Any CPU
		{8434746A-592D-4623-ABAF-A7769375A9C1}.Debug|Any CPU.ActiveCfg = Debug|Any CPU
		{8434746A-592D-4623-ABAF-A7769375A9C1}.Debug|Any CPU.Build.0 = Debug|Any CPU
		{8434746A-592D-4623-ABAF-A7769375A9C1}.Release|Any CPU.ActiveCfg = Release|Any CPU
		{8434746A-592D-4623-ABAF-A7769375A9C1}.Release|Any CPU.Build.0 = Release|Any CPU
		{EEB44D4C-03E9-4DAE-914A-1FD85762778F}.Debug|Any CPU.ActiveCfg = Debug|Any CPU
		{EEB44D4C-03E9-4DAE-914A-1FD85762778F}.Debug|Any CPU.Build.0 = Debug|Any CPU
		{EEB44D4C-03E9-4DAE-914A-1FD85762778F}.Release|Any CPU.ActiveCfg = Release|Any CPU
		{EEB44D4C-03E9-4DAE-914A-1FD85762778F}.Release|Any CPU.Build.0 = Release|Any CPU
		{9D6791E7-8B02-4B13-819F-7F305786C388}.Debug|Any CPU.ActiveCfg = Debug|Any CPU
		{9D6791E7-8B02-4B13-819F-7F305786C388}.Debug|Any CPU.Build.0 = Debug|Any CPU
		{9D6791E7-8B02-4B13-819F-7F305786C388}.Release|Any CPU.ActiveCfg = Release|Any CPU
		{9D6791E7-8B02-4B13-819F-7F305786C388}.Release|Any CPU.Build.0 = Release|Any CPU
		{B5B431A0-D281-4591-8662-F605745CF3E8}.Debug|Any CPU.ActiveCfg = Debug|Any CPU
		{B5B431A0-D281-4591-8662-F605745CF3E8}.Debug|Any CPU.Build.0 = Debug|Any CPU
		{B5B431A0-D281-4591-8662-F605745CF3E8}.Release|Any CPU.ActiveCfg = Release|Any CPU
		{B5B431A0-D281-4591-8662-F605745CF3E8}.Release|Any CPU.Build.0 = Release|Any CPU
		{0265A30D-4C1A-435F-9747-25E493FC9CEB}.Debug|Any CPU.ActiveCfg = Debug|Any CPU
		{0265A30D-4C1A-435F-9747-25E493FC9CEB}.Debug|Any CPU.Build.0 = Debug|Any CPU
		{0265A30D-4C1A-435F-9747-25E493FC9CEB}.Release|Any CPU.ActiveCfg = Release|Any CPU
		{0265A30D-4C1A-435F-9747-25E493FC9CEB}.Release|Any CPU.Build.0 = Release|Any CPU
		{4069BF72-241E-4BB0-A813-4E1523FE382B}.Debug|Any CPU.ActiveCfg = Debug|Any CPU
		{4069BF72-241E-4BB0-A813-4E1523FE382B}.Debug|Any CPU.Build.0 = Debug|Any CPU
		{4069BF72-241E-4BB0-A813-4E1523FE382B}.Release|Any CPU.ActiveCfg = Release|Any CPU
		{4069BF72-241E-4BB0-A813-4E1523FE382B}.Release|Any CPU.Build.0 = Release|Any CPU
		{066E46E2-B0F4-49C9-8528-135E09A3DE69}.Debug|Any CPU.ActiveCfg = Debug|Any CPU
		{066E46E2-B0F4-49C9-8528-135E09A3DE69}.Debug|Any CPU.Build.0 = Debug|Any CPU
		{066E46E2-B0F4-49C9-8528-135E09A3DE69}.Release|Any CPU.ActiveCfg = Release|Any CPU
		{066E46E2-B0F4-49C9-8528-135E09A3DE69}.Release|Any CPU.Build.0 = Release|Any CPU
	EndGlobalSection
	GlobalSection(SolutionProperties) = preSolution
		HideSolutionNode = FALSE
	EndGlobalSection
	GlobalSection(NestedProjects) = preSolution
		{53E2FCB1-C8A6-4019-89DC-918A3D824D72} = {373C22B3-AA0E-4E7C-B411-4DE4ED2F4D10}
		{8CA7A650-FCD3-448A-8E4A-CC859B5EAD3C} = {A469F6E4-6A96-4E5E-8277-D2F17E0E43FF}
		{8434746A-592D-4623-ABAF-A7769375A9C1} = {A469F6E4-6A96-4E5E-8277-D2F17E0E43FF}
		{EEB44D4C-03E9-4DAE-914A-1FD85762778F} = {DA5B4120-E938-42C4-AC06-63318E4E1D5A}
		{9D6791E7-8B02-4B13-819F-7F305786C388} = {3D9EF3E2-1B2E-424F-AECD-17FEC9BD5610}
		{B5B431A0-D281-4591-8662-F605745CF3E8} = {3D9EF3E2-1B2E-424F-AECD-17FEC9BD5610}
		{0265A30D-4C1A-435F-9747-25E493FC9CEB} = {F89F7926-6715-4FB4-AFE7-997D76DB1597}
		{4069BF72-241E-4BB0-A813-4E1523FE382B} = {D8544B57-015A-4E44-8BAB-0641CDF0F30F}
		{066E46E2-B0F4-49C9-8528-135E09A3DE69} = {DA5B4120-E938-42C4-AC06-63318E4E1D5A}
		{A469F6E4-6A96-4E5E-8277-D2F17E0E43FF} = {F89F7926-6715-4FB4-AFE7-997D76DB1597}
		{3D9EF3E2-1B2E-424F-AECD-17FEC9BD5610} = {F89F7926-6715-4FB4-AFE7-997D76DB1597}
	EndGlobalSection
	GlobalSection(ExtensibilityGlobals) = postSolution
		SolutionGuid = {1A72CCD9-6F78-46C4-B69E-8108B805C9D6}
	EndGlobalSection
EndGlobal
